// !$*UTF8*$!
{
	archiveVersion = 1;
	classes = {
	};
	objectVersion = 48;
	objects = {

/* Begin PBXBuildFile section */
		AB2850BC2024A3AF00DC93CC /* AppDelegate.swift in Sources */ = {isa = PBXBuildFile; fileRef = AB2850BB2024A3AF00DC93CC /* AppDelegate.swift */; };
		AB2850BE2024A3AF00DC93CC /* ViewController.swift in Sources */ = {isa = PBXBuildFile; fileRef = AB2850BD2024A3AF00DC93CC /* ViewController.swift */; };
		AB2850C12024A3AF00DC93CC /* Main.storyboard in Resources */ = {isa = PBXBuildFile; fileRef = AB2850BF2024A3AF00DC93CC /* Main.storyboard */; };
		AB2850C32024A3AF00DC93CC /* Assets.xcassets in Resources */ = {isa = PBXBuildFile; fileRef = AB2850C22024A3AF00DC93CC /* Assets.xcassets */; };
		AB2850C62024A3AF00DC93CC /* LaunchScreen.storyboard in Resources */ = {isa = PBXBuildFile; fileRef = AB2850C42024A3AF00DC93CC /* LaunchScreen.storyboard */; };
		AB2850D42024A4DE00DC93CC /* SWRevealViewController.m in Sources */ = {isa = PBXBuildFile; fileRef = AB2850D22024A4DE00DC93CC /* SWRevealViewController.m */; };
		AB4598102024E72800114A19 /* ChatVC.swift in Sources */ = {isa = PBXBuildFile; fileRef = AB45980F2024E72800114A19 /* ChatVC.swift */; };
		AB4598122024E73F00114A19 /* ChannelVC.swift in Sources */ = {isa = PBXBuildFile; fileRef = AB4598112024E73F00114A19 /* ChannelVC.swift */; };
		AB4598142025871F00114A19 /* GradientView.swift in Sources */ = {isa = PBXBuildFile; fileRef = AB4598132025871F00114A19 /* GradientView.swift */; };
		AB4598172025B62C00114A19 /* Constants.swift in Sources */ = {isa = PBXBuildFile; fileRef = AB4598162025B62C00114A19 /* Constants.swift */; };
		AB4598192025C58F00114A19 /* LoginVC.swift in Sources */ = {isa = PBXBuildFile; fileRef = AB4598182025C58F00114A19 /* LoginVC.swift */; };
		EA7D976D4D5A6CFE11C7221C /* Pods_SmackAppFirst.framework in Frameworks */ = {isa = PBXBuildFile; fileRef = 01D00DC4CD947161B8832861 /* Pods_SmackAppFirst.framework */; };
/* End PBXBuildFile section */

/* Begin PBXFileReference section */
		01D00DC4CD947161B8832861 /* Pods_SmackAppFirst.framework */ = {isa = PBXFileReference; explicitFileType = wrapper.framework; includeInIndex = 0; path = Pods_SmackAppFirst.framework; sourceTree = BUILT_PRODUCTS_DIR; };
		5E387F6C1FF1EBD87A39C988 /* Pods-SmackAppFirst.release.xcconfig */ = {isa = PBXFileReference; includeInIndex = 1; lastKnownFileType = text.xcconfig; name = "Pods-SmackAppFirst.release.xcconfig"; path = "Pods/Target Support Files/Pods-SmackAppFirst/Pods-SmackAppFirst.release.xcconfig"; sourceTree = "<group>"; };
		AB2850B82024A3AF00DC93CC /* SmackAppFirst.app */ = {isa = PBXFileReference; explicitFileType = wrapper.application; includeInIndex = 0; path = SmackAppFirst.app; sourceTree = BUILT_PRODUCTS_DIR; };
		AB2850BB2024A3AF00DC93CC /* AppDelegate.swift */ = {isa = PBXFileReference; lastKnownFileType = sourcecode.swift; path = AppDelegate.swift; sourceTree = "<group>"; };
		AB2850BD2024A3AF00DC93CC /* ViewController.swift */ = {isa = PBXFileReference; lastKnownFileType = sourcecode.swift; path = ViewController.swift; sourceTree = "<group>"; };
		AB2850C02024A3AF00DC93CC /* Base */ = {isa = PBXFileReference; lastKnownFileType = file.storyboard; name = Base; path = Base.lproj/Main.storyboard; sourceTree = "<group>"; };
		AB2850C22024A3AF00DC93CC /* Assets.xcassets */ = {isa = PBXFileReference; lastKnownFileType = folder.assetcatalog; path = Assets.xcassets; sourceTree = "<group>"; };
		AB2850C52024A3AF00DC93CC /* Base */ = {isa = PBXFileReference; lastKnownFileType = file.storyboard; name = Base; path = Base.lproj/LaunchScreen.storyboard; sourceTree = "<group>"; };
		AB2850C72024A3AF00DC93CC /* Info.plist */ = {isa = PBXFileReference; lastKnownFileType = text.plist.xml; path = Info.plist; sourceTree = "<group>"; };
		AB2850D12024A4DD00DC93CC /* SmackAppFirst-Bridging-Header.h */ = {isa = PBXFileReference; lastKnownFileType = sourcecode.c.h; path = "SmackAppFirst-Bridging-Header.h"; sourceTree = "<group>"; };
		AB2850D22024A4DE00DC93CC /* SWRevealViewController.m */ = {isa = PBXFileReference; fileEncoding = 4; lastKnownFileType = sourcecode.c.objc; path = SWRevealViewController.m; sourceTree = "<group>"; };
		AB2850D32024A4DE00DC93CC /* SWRevealViewController.h */ = {isa = PBXFileReference; fileEncoding = 4; lastKnownFileType = sourcecode.c.h; path = SWRevealViewController.h; sourceTree = "<group>"; };
		AB45980F2024E72800114A19 /* ChatVC.swift */ = {isa = PBXFileReference; lastKnownFileType = sourcecode.swift; path = ChatVC.swift; sourceTree = "<group>"; };
		AB4598112024E73F00114A19 /* ChannelVC.swift */ = {isa = PBXFileReference; lastKnownFileType = sourcecode.swift; path = ChannelVC.swift; sourceTree = "<group>"; };
		AB4598132025871F00114A19 /* GradientView.swift */ = {isa = PBXFileReference; lastKnownFileType = sourcecode.swift; path = GradientView.swift; sourceTree = "<group>"; };
		AB4598162025B62C00114A19 /* Constants.swift */ = {isa = PBXFileReference; lastKnownFileType = sourcecode.swift; path = Constants.swift; sourceTree = "<group>"; };
		AB4598182025C58F00114A19 /* LoginVC.swift */ = {isa = PBXFileReference; lastKnownFileType = sourcecode.swift; path = LoginVC.swift; sourceTree = "<group>"; };
		DCF8953071FC2261C97FBAE5 /* Pods-SmackAppFirst.debug.xcconfig */ = {isa = PBXFileReference; includeInIndex = 1; lastKnownFileType = text.xcconfig; name = "Pods-SmackAppFirst.debug.xcconfig"; path = "Pods/Target Support Files/Pods-SmackAppFirst/Pods-SmackAppFirst.debug.xcconfig"; sourceTree = "<group>"; };
/* End PBXFileReference section */

/* Begin PBXFrameworksBuildPhase section */
		AB2850B52024A3AF00DC93CC /* Frameworks */ = {
			isa = PBXFrameworksBuildPhase;
			buildActionMask = 2147483647;
			files = (
				EA7D976D4D5A6CFE11C7221C /* Pods_SmackAppFirst.framework in Frameworks */,
			);
			runOnlyForDeploymentPostprocessing = 0;
		};
/* End PBXFrameworksBuildPhase section */

/* Begin PBXGroup section */
		8A18BE7E99244187EC032077 /* Frameworks */ = {
			isa = PBXGroup;
			children = (
				01D00DC4CD947161B8832861 /* Pods_SmackAppFirst.framework */,
			);
			name = Frameworks;
			sourceTree = "<group>";
		};
		9761322CFE46724EA122CF2A /* Pods */ = {
			isa = PBXGroup;
			children = (
				DCF8953071FC2261C97FBAE5 /* Pods-SmackAppFirst.debug.xcconfig */,
				5E387F6C1FF1EBD87A39C988 /* Pods-SmackAppFirst.release.xcconfig */,
			);
			name = Pods;
			sourceTree = "<group>";
		};
		AB2850AF2024A3AF00DC93CC = {
			isa = PBXGroup;
			children = (
				AB2850BA2024A3AF00DC93CC /* SmackAppFirst */,
				AB2850B92024A3AF00DC93CC /* Products */,
				9761322CFE46724EA122CF2A /* Pods */,
				8A18BE7E99244187EC032077 /* Frameworks */,
			);
			sourceTree = "<group>";
		};
		AB2850B92024A3AF00DC93CC /* Products */ = {
			isa = PBXGroup;
			children = (
				AB2850B82024A3AF00DC93CC /* SmackAppFirst.app */,
			);
			name = Products;
			sourceTree = "<group>";
		};
		AB2850BA2024A3AF00DC93CC /* SmackAppFirst */ = {
			isa = PBXGroup;
			children = (
				AB4598152025B60F00114A19 /* Utilities */,
				AB45980E2024E70D00114A19 /* Views */,
				AB45980D2024E70600114A19 /* Models */,
				AB45980C2024E6FC00114A19 /* Controllers */,
				AB2850CF2024A3D800DC93CC /* Supporting Files */,
				AB2850BB2024A3AF00DC93CC /* AppDelegate.swift */,
				AB2850BD2024A3AF00DC93CC /* ViewController.swift */,
				AB2850BF2024A3AF00DC93CC /* Main.storyboard */,
				AB2850C22024A3AF00DC93CC /* Assets.xcassets */,
				AB2850C42024A3AF00DC93CC /* LaunchScreen.storyboard */,
				AB2850C72024A3AF00DC93CC /* Info.plist */,
			);
			path = SmackAppFirst;
			sourceTree = "<group>";
		};
		AB2850CF2024A3D800DC93CC /* Supporting Files */ = {
			isa = PBXGroup;
			children = (
				AB2850D32024A4DE00DC93CC /* SWRevealViewController.h */,
				AB2850D22024A4DE00DC93CC /* SWRevealViewController.m */,
				AB2850D12024A4DD00DC93CC /* SmackAppFirst-Bridging-Header.h */,
			);
			path = "Supporting Files";
			sourceTree = "<group>";
		};
		AB45980C2024E6FC00114A19 /* Controllers */ = {
			isa = PBXGroup;
			children = (
				AB45980F2024E72800114A19 /* ChatVC.swift */,
				AB4598112024E73F00114A19 /* ChannelVC.swift */,
				AB4598182025C58F00114A19 /* LoginVC.swift */,
			);
			path = Controllers;
			sourceTree = "<group>";
		};
		AB45980D2024E70600114A19 /* Models */ = {
			isa = PBXGroup;
			children = (
			);
			path = Models;
			sourceTree = "<group>";
		};
		AB45980E2024E70D00114A19 /* Views */ = {
			isa = PBXGroup;
			children = (
				AB4598132025871F00114A19 /* GradientView.swift */,
			);
			path = Views;
			sourceTree = "<group>";
		};
		AB4598152025B60F00114A19 /* Utilities */ = {
			isa = PBXGroup;
			children = (
				AB4598162025B62C00114A19 /* Constants.swift */,
			);
			path = Utilities;
			sourceTree = "<group>";
		};
/* End PBXGroup section */

/* Begin PBXNativeTarget section */
		AB2850B72024A3AF00DC93CC /* SmackAppFirst */ = {
			isa = PBXNativeTarget;
			buildConfigurationList = AB2850CA2024A3AF00DC93CC /* Build configuration list for PBXNativeTarget "SmackAppFirst" */;
			buildPhases = (
				122626C07759D43584D19C89 /* [CP] Check Pods Manifest.lock */,
				AB2850B42024A3AF00DC93CC /* Sources */,
				AB2850B52024A3AF00DC93CC /* Frameworks */,
				AB2850B62024A3AF00DC93CC /* Resources */,
				6994092898A93EB88E7F8368 /* [CP] Embed Pods Frameworks */,
				F083377A3E434A82FC7A87D4 /* [CP] Copy Pods Resources */,
			);
			buildRules = (
			);
			dependencies = (
			);
			name = SmackAppFirst;
			productName = SmackAppFirst;
			productReference = AB2850B82024A3AF00DC93CC /* SmackAppFirst.app */;
			productType = "com.apple.product-type.application";
		};
/* End PBXNativeTarget section */

/* Begin PBXProject section */
		AB2850B02024A3AF00DC93CC /* Project object */ = {
			isa = PBXProject;
			attributes = {
				LastSwiftUpdateCheck = 0920;
				LastUpgradeCheck = 0920;
				ORGANIZATIONNAME = "Suleman Daud";
				TargetAttributes = {
					AB2850B72024A3AF00DC93CC = {
						CreatedOnToolsVersion = 9.2;
						LastSwiftMigration = 0920;
						ProvisioningStyle = Automatic;
					};
				};
			};
			buildConfigurationList = AB2850B32024A3AF00DC93CC /* Build configuration list for PBXProject "SmackAppFirst" */;
			compatibilityVersion = "Xcode 8.0";
			developmentRegion = en;
			hasScannedForEncodings = 0;
			knownRegions = (
				en,
				Base,
			);
			mainGroup = AB2850AF2024A3AF00DC93CC;
			productRefGroup = AB2850B92024A3AF00DC93CC /* Products */;
			projectDirPath = "";
			projectRoot = "";
			targets = (
				AB2850B72024A3AF00DC93CC /* SmackAppFirst */,
			);
		};
/* End PBXProject section */

/* Begin PBXResourcesBuildPhase section */
		AB2850B62024A3AF00DC93CC /* Resources */ = {
			isa = PBXResourcesBuildPhase;
			buildActionMask = 2147483647;
			files = (
				AB2850C62024A3AF00DC93CC /* LaunchScreen.storyboard in Resources */,
				AB2850C32024A3AF00DC93CC /* Assets.xcassets in Resources */,
				AB2850C12024A3AF00DC93CC /* Main.storyboard in Resources */,
			);
			runOnlyForDeploymentPostprocessing = 0;
		};
/* End PBXResourcesBuildPhase section */

/* Begin PBXShellScriptBuildPhase section */
		122626C07759D43584D19C89 /* [CP] Check Pods Manifest.lock */ = {
			isa = PBXShellScriptBuildPhase;
			buildActionMask = 2147483647;
			files = (
			);
			inputPaths = (
				"${PODS_PODFILE_DIR_PATH}/Podfile.lock",
				"${PODS_ROOT}/Manifest.lock",
			);
			name = "[CP] Check Pods Manifest.lock";
			outputPaths = (
				"$(DERIVED_FILE_DIR)/Pods-SmackAppFirst-checkManifestLockResult.txt",
			);
			runOnlyForDeploymentPostprocessing = 0;
			shellPath = /bin/sh;
			shellScript = "diff \"${PODS_PODFILE_DIR_PATH}/Podfile.lock\" \"${PODS_ROOT}/Manifest.lock\" > /dev/null\nif [ $? != 0 ] ; then\n    # print error to STDERR\n    echo \"error: The sandbox is not in sync with the Podfile.lock. Run 'pod install' or update your CocoaPods installation.\" >&2\n    exit 1\nfi\n# This output is used by Xcode 'outputs' to avoid re-running this script phase.\necho \"SUCCESS\" > \"${SCRIPT_OUTPUT_FILE_0}\"\n";
			showEnvVarsInLog = 0;
		};
		6994092898A93EB88E7F8368 /* [CP] Embed Pods Frameworks */ = {
			isa = PBXShellScriptBuildPhase;
			buildActionMask = 2147483647;
			files = (
			);
			inputPaths = (
				"${SRCROOT}/Pods/Target Support Files/Pods-SmackAppFirst/Pods-SmackAppFirst-frameworks.sh",
				"${BUILT_PRODUCTS_DIR}/Alamofire/Alamofire.framework",
				"${BUILT_PRODUCTS_DIR}/Socket.IO-Client-Swift/SocketIO.framework",
				"${BUILT_PRODUCTS_DIR}/Starscream/Starscream.framework",
				"${BUILT_PRODUCTS_DIR}/SwiftyJSON/SwiftyJSON.framework",
			);
			name = "[CP] Embed Pods Frameworks";
			outputPaths = (
				"${TARGET_BUILD_DIR}/${FRAMEWORKS_FOLDER_PATH}/Alamofire.framework",
				"${TARGET_BUILD_DIR}/${FRAMEWORKS_FOLDER_PATH}/SocketIO.framework",
				"${TARGET_BUILD_DIR}/${FRAMEWORKS_FOLDER_PATH}/Starscream.framework",
				"${TARGET_BUILD_DIR}/${FRAMEWORKS_FOLDER_PATH}/SwiftyJSON.framework",
			);
			runOnlyForDeploymentPostprocessing = 0;
			shellPath = /bin/sh;
			shellScript = "\"${SRCROOT}/Pods/Target Support Files/Pods-SmackAppFirst/Pods-SmackAppFirst-frameworks.sh\"\n";
			showEnvVarsInLog = 0;
		};
		F083377A3E434A82FC7A87D4 /* [CP] Copy Pods Resources */ = {
			isa = PBXShellScriptBuildPhase;
			buildActionMask = 2147483647;
			files = (
			);
			inputPaths = (
			);
			name = "[CP] Copy Pods Resources";
			outputPaths = (
			);
			runOnlyForDeploymentPostprocessing = 0;
			shellPath = /bin/sh;
			shellScript = "\"${SRCROOT}/Pods/Target Support Files/Pods-SmackAppFirst/Pods-SmackAppFirst-resources.sh\"\n";
			showEnvVarsInLog = 0;
		};
/* End PBXShellScriptBuildPhase section */

/* Begin PBXSourcesBuildPhase section */
		AB2850B42024A3AF00DC93CC /* Sources */ = {
			isa = PBXSourcesBuildPhase;
			buildActionMask = 2147483647;
			files = (
				AB4598102024E72800114A19 /* ChatVC.swift in Sources */,
				AB2850BE2024A3AF00DC93CC /* ViewController.swift in Sources */,
				AB4598192025C58F00114A19 /* LoginVC.swift in Sources */,
				AB4598142025871F00114A19 /* GradientView.swift in Sources */,
				AB2850BC2024A3AF00DC93CC /* AppDelegate.swift in Sources */,
				AB4598172025B62C00114A19 /* Constants.swift in Sources */,
				AB2850D42024A4DE00DC93CC /* SWRevealViewController.m in Sources */,
				AB4598122024E73F00114A19 /* ChannelVC.swift in Sources */,
			);
			runOnlyForDeploymentPostprocessing = 0;
		};
/* End PBXSourcesBuildPhase section */

/* Begin PBXVariantGroup section */
		AB2850BF2024A3AF00DC93CC /* Main.storyboard */ = {
			isa = PBXVariantGroup;
			children = (
				AB2850C02024A3AF00DC93CC /* Base */,
			);
			name = Main.storyboard;
			sourceTree = "<group>";
		};
		AB2850C42024A3AF00DC93CC /* LaunchScreen.storyboard */ = {
			isa = PBXVariantGroup;
			children = (
				AB2850C52024A3AF00DC93CC /* Base */,
			);
			name = LaunchScreen.storyboard;
			sourceTree = "<group>";
		};
/* End PBXVariantGroup section */

/* Begin XCBuildConfiguration section */
		AB2850C82024A3AF00DC93CC /* Debug */ = {
			isa = XCBuildConfiguration;
			buildSettings = {
				ALWAYS_SEARCH_USER_PATHS = NO;
				CLANG_ANALYZER_NONNULL = YES;
				CLANG_ANALYZER_NUMBER_OBJECT_CONVERSION = YES_AGGRESSIVE;
				CLANG_CXX_LANGUAGE_STANDARD = "gnu++14";
				CLANG_CXX_LIBRARY = "libc++";
				CLANG_ENABLE_MODULES = YES;
				CLANG_ENABLE_OBJC_ARC = YES;
				CLANG_WARN_BLOCK_CAPTURE_AUTORELEASING = YES;
				CLANG_WARN_BOOL_CONVERSION = YES;
				CLANG_WARN_COMMA = YES;
				CLANG_WARN_CONSTANT_CONVERSION = YES;
				CLANG_WARN_DIRECT_OBJC_ISA_USAGE = YES_ERROR;
				CLANG_WARN_DOCUMENTATION_COMMENTS = YES;
				CLANG_WARN_EMPTY_BODY = YES;
				CLANG_WARN_ENUM_CONVERSION = YES;
				CLANG_WARN_INFINITE_RECURSION = YES;
				CLANG_WARN_INT_CONVERSION = YES;
				CLANG_WARN_NON_LITERAL_NULL_CONVERSION = YES;
				CLANG_WARN_OBJC_LITERAL_CONVERSION = YES;
				CLANG_WARN_OBJC_ROOT_CLASS = YES_ERROR;
				CLANG_WARN_RANGE_LOOP_ANALYSIS = YES;
				CLANG_WARN_STRICT_PROTOTYPES = YES;
				CLANG_WARN_SUSPICIOUS_MOVE = YES;
				CLANG_WARN_UNGUARDED_AVAILABILITY = YES_AGGRESSIVE;
				CLANG_WARN_UNREACHABLE_CODE = YES;
				CLANG_WARN__DUPLICATE_METHOD_MATCH = YES;
				CODE_SIGN_IDENTITY = "iPhone Developer";
				COPY_PHASE_STRIP = NO;
				DEBUG_INFORMATION_FORMAT = dwarf;
				ENABLE_STRICT_OBJC_MSGSEND = YES;
				ENABLE_TESTABILITY = YES;
				GCC_C_LANGUAGE_STANDARD = gnu11;
				GCC_DYNAMIC_NO_PIC = NO;
				GCC_NO_COMMON_BLOCKS = YES;
				GCC_OPTIMIZATION_LEVEL = 0;
				GCC_PREPROCESSOR_DEFINITIONS = (
					"DEBUG=1",
					"$(inherited)",
				);
				GCC_WARN_64_TO_32_BIT_CONVERSION = YES;
				GCC_WARN_ABOUT_RETURN_TYPE = YES_ERROR;
				GCC_WARN_UNDECLARED_SELECTOR = YES;
				GCC_WARN_UNINITIALIZED_AUTOS = YES_AGGRESSIVE;
				GCC_WARN_UNUSED_FUNCTION = YES;
				GCC_WARN_UNUSED_VARIABLE = YES;
				IPHONEOS_DEPLOYMENT_TARGET = 11.2;
				MTL_ENABLE_DEBUG_INFO = YES;
				ONLY_ACTIVE_ARCH = YES;
				SDKROOT = iphoneos;
				SWIFT_ACTIVE_COMPILATION_CONDITIONS = DEBUG;
				SWIFT_OPTIMIZATION_LEVEL = "-Onone";
			};
			name = Debug;
		};
		AB2850C92024A3AF00DC93CC /* Release */ = {
			isa = XCBuildConfiguration;
			buildSettings = {
				ALWAYS_SEARCH_USER_PATHS = NO;
				CLANG_ANALYZER_NONNULL = YES;
				CLANG_ANALYZER_NUMBER_OBJECT_CONVERSION = YES_AGGRESSIVE;
				CLANG_CXX_LANGUAGE_STANDARD = "gnu++14";
				CLANG_CXX_LIBRARY = "libc++";
				CLANG_ENABLE_MODULES = YES;
				CLANG_ENABLE_OBJC_ARC = YES;
				CLANG_WARN_BLOCK_CAPTURE_AUTORELEASING = YES;
				CLANG_WARN_BOOL_CONVERSION = YES;
				CLANG_WARN_COMMA = YES;
				CLANG_WARN_CONSTANT_CONVERSION = YES;
				CLANG_WARN_DIRECT_OBJC_ISA_USAGE = YES_ERROR;
				CLANG_WARN_DOCUMENTATION_COMMENTS = YES;
				CLANG_WARN_EMPTY_BODY = YES;
				CLANG_WARN_ENUM_CONVERSION = YES;
				CLANG_WARN_INFINITE_RECURSION = YES;
				CLANG_WARN_INT_CONVERSION = YES;
				CLANG_WARN_NON_LITERAL_NULL_CONVERSION = YES;
				CLANG_WARN_OBJC_LITERAL_CONVERSION = YES;
				CLANG_WARN_OBJC_ROOT_CLASS = YES_ERROR;
				CLANG_WARN_RANGE_LOOP_ANALYSIS = YES;
				CLANG_WARN_STRICT_PROTOTYPES = YES;
				CLANG_WARN_SUSPICIOUS_MOVE = YES;
				CLANG_WARN_UNGUARDED_AVAILABILITY = YES_AGGRESSIVE;
				CLANG_WARN_UNREACHABLE_CODE = YES;
				CLANG_WARN__DUPLICATE_METHOD_MATCH = YES;
				CODE_SIGN_IDENTITY = "iPhone Developer";
				COPY_PHASE_STRIP = NO;
				DEBUG_INFORMATION_FORMAT = "dwarf-with-dsym";
				ENABLE_NS_ASSERTIONS = NO;
				ENABLE_STRICT_OBJC_MSGSEND = YES;
				GCC_C_LANGUAGE_STANDARD = gnu11;
				GCC_NO_COMMON_BLOCKS = YES;
				GCC_WARN_64_TO_32_BIT_CONVERSION = YES;
				GCC_WARN_ABOUT_RETURN_TYPE = YES_ERROR;
				GCC_WARN_UNDECLARED_SELECTOR = YES;
				GCC_WARN_UNINITIALIZED_AUTOS = YES_AGGRESSIVE;
				GCC_WARN_UNUSED_FUNCTION = YES;
				GCC_WARN_UNUSED_VARIABLE = YES;
				IPHONEOS_DEPLOYMENT_TARGET = 11.2;
				MTL_ENABLE_DEBUG_INFO = NO;
				SDKROOT = iphoneos;
				SWIFT_OPTIMIZATION_LEVEL = "-Owholemodule";
				VALIDATE_PRODUCT = YES;
			};
			name = Release;
		};
		AB2850CB2024A3AF00DC93CC /* Debug */ = {
			isa = XCBuildConfiguration;
			baseConfigurationReference = DCF8953071FC2261C97FBAE5 /* Pods-SmackAppFirst.debug.xcconfig */;
			buildSettings = {
				ASSETCATALOG_COMPILER_APPICON_NAME = AppIcon;
				CLANG_ENABLE_MODULES = YES;
				CODE_SIGN_STYLE = Automatic;
				DEVELOPMENT_TEAM = F92Y5U82Z3;
				INFOPLIST_FILE = SmackAppFirst/Info.plist;
				LD_RUNPATH_SEARCH_PATHS = "$(inherited) @executable_path/Frameworks";
				PRODUCT_BUNDLE_IDENTIFIER = com.suleman.SmackAppFirst;
				PRODUCT_NAME = "$(TARGET_NAME)";
				SWIFT_OBJC_BRIDGING_HEADER = "SmackAppFirst/Supporting Files/SmackAppFirst-Bridging-Header.h";
				SWIFT_OPTIMIZATION_LEVEL = "-Onone";
				SWIFT_VERSION = 4.0;
				TARGETED_DEVICE_FAMILY = "1,2";
			};
			name = Debug;
		};
		AB2850CC2024A3AF00DC93CC /* Release */ = {
			isa = XCBuildConfiguration;
			baseConfigurationReference = 5E387F6C1FF1EBD87A39C988 /* Pods-SmackAppFirst.release.xcconfig */;
			buildSettings = {
				ASSETCATALOG_COMPILER_APPICON_NAME = AppIcon;
				CLANG_ENABLE_MODULES = YES;
				CODE_SIGN_STYLE = Automatic;
				DEVELOPMENT_TEAM = F92Y5U82Z3;
				INFOPLIST_FILE = SmackAppFirst/Info.plist;
				LD_RUNPATH_SEARCH_PATHS = "$(inherited) @executable_path/Frameworks";
				PRODUCT_BUNDLE_IDENTIFIER = com.suleman.SmackAppFirst;
				PRODUCT_NAME = "$(TARGET_NAME)";
				SWIFT_OBJC_BRIDGING_HEADER = "SmackAppFirst/Supporting Files/SmackAppFirst-Bridging-Header.h";
				SWIFT_VERSION = 4.0;
				TARGETED_DEVICE_FAMILY = "1,2";
			};
			name = Release;
		};
/* End XCBuildConfiguration section */

/* Begin XCConfigurationList section */
		AB2850B32024A3AF00DC93CC /* Build configuration list for PBXProject "SmackAppFirst" */ = {
			isa = XCConfigurationList;
			buildConfigurations = (
				AB2850C82024A3AF00DC93CC /* Debug */,
				AB2850C92024A3AF00DC93CC /* Release */,
			);
			defaultConfigurationIsVisible = 0;
			defaultConfigurationName = Release;
		};
		AB2850CA2024A3AF00DC93CC /* Build configuration list for PBXNativeTarget "SmackAppFirst" */ = {
			isa = XCConfigurationList;
			buildConfigurations = (
				AB2850CB2024A3AF00DC93CC /* Debug */,
				AB2850CC2024A3AF00DC93CC /* Release */,
			);
			defaultConfigurationIsVisible = 0;
			defaultConfigurationName = Release;
		};
/* End XCConfigurationList section */
	};
	rootObject = AB2850B02024A3AF00DC93CC /* Project object */;
}
